
Microsoft Visual Studio Solution File, Format Version 12.00
# Visual Studio Version 16
VisualStudioVersion = 16.0.29020.237
MinimumVisualStudioVersion = 10.0.40219.1
Project("{FAE04EC0-301F-11D3-BF4B-00C04F79EFBC}") = "RestoreDatabaseBackups", "RestoreDatabaseBackups\RestoreDatabaseBackups.csproj", "{AB95940B-7302-49AB-B041-20747775B91C}"
EndProject
Global
	GlobalSection(SolutionConfigurationPlatforms) = preSolution
		Debug|Any CPU = Debug|Any CPU
		Release|Any CPU = Release|Any CPU
	EndGlobalSection
	GlobalSection(ProjectConfigurationPlatforms) = postSolution
		{AB95940B-7302-49AB-B041-20747775B91C}.Debug|Any CPU.ActiveCfg = Debug|Any CPU
		{AB95940B-7302-49AB-B041-20747775B91C}.Debug|Any CPU.Build.0 = Debug|Any CPU
		{AB95940B-7302-49AB-B041-20747775B91C}.Release|Any CPU.ActiveCfg = Release|Any CPU
		{AB95940B-7302-49AB-B041-20747775B91C}.Release|Any CPU.Build.0 = Release|Any CPU
	EndGlobalSection
	GlobalSection(SolutionProperties) = preSolution
		HideSolutionNode = FALSE
	EndGlobalSection
	GlobalSection(ExtensibilityGlobals) = postSolution
		SolutionGuid = {F6C869E4-C182-4165-B78F-BC763E1FE0A5}
	EndGlobalSection
EndGlobal
